
Microsoft Visual Studio Solution File, Format Version 12.00
# Visual Studio Version 17
VisualStudioVersion = 17.1.32407.343
MinimumVisualStudioVersion = 10.0.40219.1
Project("{FAE04EC0-301F-11D3-BF4B-00C04F79EFBC}") = "SQL AssetTracker", "SQL AssetTracker\SQL AssetTracker.csproj", "{7C1681FD-75FA-4DC9-B391-8501D5F26D60}"
EndProject
Project("{00D1A9C2-B5F0-4AF3-8072-F6C62B433612}") = "AssetDatabase", "AssetDatabase\AssetDatabase.sqlproj", "{19FC9FD4-77BC-480C-AE53-108687B1908D}"
EndProject
Global
	GlobalSection(SolutionConfigurationPlatforms) = preSolution
		Debug|Any CPU = Debug|Any CPU
		Release|Any CPU = Release|Any CPU
	EndGlobalSection
	GlobalSection(ProjectConfigurationPlatforms) = postSolution
		{7C1681FD-75FA-4DC9-B391-8501D5F26D60}.Debug|Any CPU.ActiveCfg = Debug|Any CPU
		{7C1681FD-75FA-4DC9-B391-8501D5F26D60}.Debug|Any CPU.Build.0 = Debug|Any CPU
		{7C1681FD-75FA-4DC9-B391-8501D5F26D60}.Release|Any CPU.ActiveCfg = Release|Any CPU
		{7C1681FD-75FA-4DC9-B391-8501D5F26D60}.Release|Any CPU.Build.0 = Release|Any CPU
		{19FC9FD4-77BC-480C-AE53-108687B1908D}.Debug|Any CPU.ActiveCfg = Debug|Any CPU
		{19FC9FD4-77BC-480C-AE53-108687B1908D}.Debug|Any CPU.Build.0 = Debug|Any CPU
		{19FC9FD4-77BC-480C-AE53-108687B1908D}.Debug|Any CPU.Deploy.0 = Debug|Any CPU
		{19FC9FD4-77BC-480C-AE53-108687B1908D}.Release|Any CPU.ActiveCfg = Release|Any CPU
		{19FC9FD4-77BC-480C-AE53-108687B1908D}.Release|Any CPU.Build.0 = Release|Any CPU
		{19FC9FD4-77BC-480C-AE53-108687B1908D}.Release|Any CPU.Deploy.0 = Release|Any CPU
	EndGlobalSection
	GlobalSection(SolutionProperties) = preSolution
		HideSolutionNode = FALSE
	EndGlobalSection
	GlobalSection(ExtensibilityGlobals) = postSolution
		SolutionGuid = {CBA32F45-2DE8-40BB-AF7E-AC502DD3AC88}
	EndGlobalSection
EndGlobal
